
Microsoft Visual Studio Solution File, Format Version 12.00
# Visual Studio Version 17
VisualStudioVersion = 17.10.35122.118
MinimumVisualStudioVersion = 10.0.40219.1
Project("{FAE04EC0-301F-11D3-BF4B-00C04F79EFBC}") = "ConsoleApp6", "ConsoleApp6\ConsoleApp6.csproj", "{618B22A3-B393-46D5-8A36-E5BADC19A9D6}"
EndProject
Global
	GlobalSection(SolutionConfigurationPlatforms) = preSolution
		Debug|Any CPU = Debug|Any CPU
		Release|Any CPU = Release|Any CPU
	EndGlobalSection
	GlobalSection(ProjectConfigurationPlatforms) = postSolution
		{618B22A3-B393-46D5-8A36-E5BADC19A9D6}.Debug|Any CPU.ActiveCfg = Debug|Any CPU
		{618B22A3-B393-46D5-8A36-E5BADC19A9D6}.Debug|Any CPU.Build.0 = Debug|Any CPU
		{618B22A3-B393-46D5-8A36-E5BADC19A9D6}.Release|Any CPU.ActiveCfg = Release|Any CPU
		{618B22A3-B393-46D5-8A36-E5BADC19A9D6}.Release|Any CPU.Build.0 = Release|Any CPU
	EndGlobalSection
	GlobalSection(SolutionProperties) = preSolution
		HideSolutionNode = FALSE
	EndGlobalSection
	GlobalSection(ExtensibilityGlobals) = postSolution
		SolutionGuid = {6C5B1A51-B03E-4924-9DFB-001C2F076359}
	EndGlobalSection
EndGlobal
